# THIS IS AN AUTOGENERATED FILE. DO NOT EDIT THIS FILE DIRECTLY.
# yarn lockfile v1


"@oxc-project/types@=0.133.0":
  version "0.133.0"
  resolved "https://registry.npmjs.org/@oxc-project/types/-/types-0.133.0.tgz"
  integrity sha512-KzkdCd6Uxqnf6l3HOw1xfatAlUURA0g14cvBYFyJ5SaNOQbOUvBr9PKArcPcrNIeRsBdgcUzOGrhKveVpvOIGA==

"@posthog/core@^1.33.0":
  version "1.33.0"
  resolved "https://registry.npmjs.org/@posthog/core/-/core-1.33.0.tgz"
  integrity sha512-Xk5O4g70SlsodD941j5GJTto2DgteKslmuhQ1kH5nR03JVOgdOw7rBesyWGhYkEdkxr8Vhvx33f1NTEZgejL2A==
  dependencies:
    "@posthog/types" "^1.387.0"

"@posthog/types@^1.387.0":
  version "1.387.0"
  resolved "https://registry.npmjs.org/@posthog/types/-/types-1.387.0.tgz"
  integrity sha512-XR0B1geABbnUlSNv4RuFWvk19D870B668C/XzcKDctAZ+xCH5gmGM0oltGbA9yj+2ia9Y65nOrDYKN6Whu1oBw==

"@rescript/core@^1.6.1":
  version "1.6.1"
  resolved "https://registry.npmjs.org/@rescript/core/-/core-1.6.1.tgz"
  integrity sha512-vyb5k90ck+65Fgui+5vCja/mUfzKaK3kOPT4Z6aAJdHLH1eljEi1zKhXroCiCtpNLSWp8k4ulh1bdB5WS0hvqA==

"@rescript/darwin-arm64@12.2.0":
  version "12.2.0"
  resolved "https://registry.npmjs.org/@rescript/darwin-arm64/-/darwin-arm64-12.2.0.tgz"
  integrity sha512-xc3K/J7Ujl1vPiFY2009mRf3kWRlUe/VZyJWprseKxlcEtUQv89ter7r6pY+YFbtYvA/fcaEncL9CVGEdattAg==

"@rescript/runtime@12.2.0":
  version "12.2.0"
  resolved "https://registry.npmjs.org/@rescript/runtime/-/runtime-12.2.0.tgz"
  integrity sha512-NwfljDRq1rjFPHUaca1nzFz13xsa9ZGkBkLvMhvVgavJT5+A4rMcLu8XAaVTi/oAhO/tlHf9ZDoOTF1AfyAk9Q==

"@rolldown/binding-darwin-arm64@1.0.3":
  version "1.0.3"
  resolved "https://registry.npmjs.org/@rolldown/binding-darwin-arm64/-/binding-darwin-arm64-1.0.3.tgz"
  integrity sha512-PcAhP+ynjURNyy8SKGl5DQP94aGuB/7JrXJb/t7P+hanXvQVMWzUvRRhBAcg/lNRadBhoUPqSoP4xw5tR/KBEA==

"@rolldown/pluginutils@^1.0.0":
  version "1.0.1"
  resolved "https://registry.npmjs.org/@rolldown/pluginutils/-/pluginutils-1.0.1.tgz"
  integrity sha512-2j9bGt5Jh8hj+vPtgzPtl72j0yRxHAyumoo6TNfAjsLB04UtpSvPbPcDcBMxz7n+9CYB0c1GxQFxYRg2jimqGw==

"@types/trusted-types@^2.0.7":
  version "2.0.7"
  resolved "https://registry.npmjs.org/@types/trusted-types/-/trusted-types-2.0.7.tgz"
  integrity sha512-ScaPdn1dQczgbl0QFTeTOmVHFULt394XJgOQNoyVhZ6r2vLnMLJfBPd53SB52T/3G36VI1/g2MZaX0cwDuXsfw==

basefn@^1.11.0:
  version "1.11.0"
  resolved "https://registry.npmjs.org/basefn/-/basefn-1.11.0.tgz"
  integrity sha512-cp6Od1R/CJaZ4crc69bkLAGU/yWzUJeGHUiqifQK7jDsOX7davOzk/NiUDPz0MKhb3msl/jz4NWwiEzpxa4NEA==
  dependencies:
    "@rescript/core" "^1.6.1"
    highlight.js "^11.11.1"
    lucide "^0.562.0"

core-js@^3.38.1:
  version "3.49.0"
  resolved "https://registry.npmjs.org/core-js/-/core-js-3.49.0.tgz"
  integrity sha512-es1U2+YTtzpwkxVLwAFdSpaIMyQaq0PBgm3YD1W3Qpsn1NAmO3KSgZfu+oGSWVu6NvLHoHCV/aYcsE5wiB7ALg==

detect-libc@^2.0.3:
  version "2.1.2"
  resolved "https://registry.npmjs.org/detect-libc/-/detect-libc-2.1.2.tgz"
  integrity sha512-Btj2BOOO83o3WyH59e8MgXsxEQVcarkUOpEYrubB0urwnN10yQ364rsiByU11nZlqWYZm05i/of7io4mzihBtQ==

dompurify@^3.3.2:
  version "3.4.10"
  resolved "https://registry.npmjs.org/dompurify/-/dompurify-3.4.10.tgz"
  integrity sha512-0xzNv0e7oYC6yyuOGZIABPM4qtg3QxLFniDNPP4ZP90wR8Yq3zgwpRbrNiT4N3IKqDbbYFEJLV+JWEs19aZ//w==
  optionalDependencies:
    "@types/trusted-types" "^2.0.7"

fdir@^6.5.0:
  version "6.5.0"
  resolved "https://registry.npmjs.org/fdir/-/fdir-6.5.0.tgz"
  integrity sha512-tIbYtZbucOs0BRGqPJkshJUYdL+SDH7dVM8gjy+ERp3WAUjLEFJE+02kanyHtwjWOnwrKYBiwAmM0p4kLJAnXg==

fflate@^0.4.8:
  version "0.4.8"
  resolved "https://registry.npmjs.org/fflate/-/fflate-0.4.8.tgz"
  integrity sha512-FJqqoDBR00Mdj9ppamLa/Y7vxm+PRmNWA67N846RvsoYVMKB4q3y/de5PA7gUmRMYK/8CMz2GDZQmCRN1wBcWA==

fsevents@~2.3.3:
  version "2.3.3"
  resolved "https://registry.npmjs.org/fsevents/-/fsevents-2.3.3.tgz"
  integrity sha512-5xoDfX+fL7faATnagmWPpbFtwh/R77WmMMqqHGS65C3vvB0YHrgF+B1YmZ3441tMj5n63k0212XNoJwzlhffQw==

highlight.js@^11.11.1:
  version "11.11.1"
  resolved "https://registry.npmjs.org/highlight.js/-/highlight.js-11.11.1.tgz"
  integrity sha512-Xwwo44whKBVCYoliBQwaPvtd/2tYFkRQtXDWj1nackaV2JPXx3L0+Jvd8/qCJ2p+ML0/XVkJ2q+Mr+UVdpJK5w==

lightningcss-darwin-arm64@1.32.0:
  version "1.32.0"
  resolved "https://registry.npmjs.org/lightningcss-darwin-arm64/-/lightningcss-darwin-arm64-1.32.0.tgz"
  integrity sha512-RzeG9Ju5bag2Bv1/lwlVJvBE3q6TtXskdZLLCyfg5pt+HLz9BqlICO7LZM7VHNTTn/5PRhHFBSjk5lc4cmscPQ==

lightningcss@^1.32.0:
  version "1.32.0"
  resolved "https://registry.npmjs.org/lightningcss/-/lightningcss-1.32.0.tgz"
  integrity sha512-NXYBzinNrblfraPGyrbPoD19C1h9lfI/1mzgWYvXUTe414Gz/X1FD2XBZSZM7rRTrMA8JL3OtAaGifrIKhQ5yQ==
  dependencies:
    detect-libc "^2.0.3"
  optionalDependencies:
    lightningcss-android-arm64 "1.32.0"
    lightningcss-darwin-arm64 "1.32.0"
    lightningcss-darwin-x64 "1.32.0"
    lightningcss-freebsd-x64 "1.32.0"
    lightningcss-linux-arm-gnueabihf "1.32.0"
    lightningcss-linux-arm64-gnu "1.32.0"
    lightningcss-linux-arm64-musl "1.32.0"
    lightningcss-linux-x64-gnu "1.32.0"
    lightningcss-linux-x64-musl "1.32.0"
    lightningcss-win32-arm64-msvc "1.32.0"
    lightningcss-win32-x64-msvc "1.32.0"

lucide@^0.562.0:
  version "0.562.0"
  resolved "https://registry.npmjs.org/lucide/-/lucide-0.562.0.tgz"
  integrity sha512-k1Fb8ZMnRQovWRlea7Jr0b9UKA29IM7/cu79+mJrhVohvA2YC/Ti3Sk+G+h/SIu3IlrKT4RAbWMHUBBQd1O6XA==

nanoid@^3.3.12:
  version "3.3.12"
  resolved "https://registry.npmjs.org/nanoid/-/nanoid-3.3.12.tgz"
  integrity sha512-ZB9RH/39qpq5Vu6Y+NmUaFhQR6pp+M2Xt76XBnEwDaGcVAqhlvxrl3B2bKS5D3NH3QR76v3aSrKaF/Kiy7lEtQ==

picocolors@^1.1.1:
  version "1.1.1"
  resolved "https://registry.npmjs.org/picocolors/-/picocolors-1.1.1.tgz"
  integrity sha512-xceH2snhtb5M9liqDsmEw56le376mTZkEX/jEb/RxNFyegNul7eNslCXP9FDj/Lcu0X8KEyMceP2ntpaHrDEVA==

picomatch@^4.0.4:
  version "4.0.4"
  resolved "https://registry.npmjs.org/picomatch/-/picomatch-4.0.4.tgz"
  integrity sha512-QP88BAKvMam/3NxH6vj2o21R6MjxZUAd6nlwAS/pnGvN9IVLocLHxGYIzFhg6fUQ+5th6P4dv4eW9jX3DSIj7A==

postcss@^8.5.15:
  version "8.5.15"
  resolved "https://registry.npmjs.org/postcss/-/postcss-8.5.15.tgz"
  integrity sha512-FfR8sjd4em2T6fb3I2MwAJU7HWVMr9zba+enmQeeWFfCbm+UOC/0X4DS8XtpUTMwWMGbjKYP7xjfNekzyGmB3A==
  dependencies:
    nanoid "^3.3.12"
    picocolors "^1.1.1"
    source-map-js "^1.2.1"

posthog-js@^1.372.1:
  version "1.387.0"
  resolved "https://registry.npmjs.org/posthog-js/-/posthog-js-1.387.0.tgz"
  integrity sha512-Pv1jUMySMN62zoAxdJBJPV8n62lkHdjuWhpeU7izczc5Dqbx3hhqO2hkrNTI8Yx1ezmWk2qUHZs03FuOBubdFQ==
  dependencies:
    "@posthog/core" "^1.33.0"
    "@posthog/types" "^1.387.0"
    core-js "^3.38.1"
    dompurify "^3.3.2"
    fflate "^0.4.8"
    preact "^10.28.2"
    query-selector-shadow-dom "^1.0.1"
    web-vitals "^5.1.0"

preact@^10.28.2:
  version "10.29.1"
  resolved "https://registry.npmjs.org/preact/-/preact-10.29.1.tgz"
  integrity sha512-gQCLc/vWroE8lIpleXtdJhTFDogTdZG9AjMUpVkDf2iTCNwYNWA+u16dL41TqUDJO4gm2IgrcMv3uTpjd4Pwmg==

query-selector-shadow-dom@^1.0.1:
  version "1.0.1"
  resolved "https://registry.npmjs.org/query-selector-shadow-dom/-/query-selector-shadow-dom-1.0.1.tgz"
  integrity sha512-lT5yCqEBgfoMYpf3F2xQRK7zEr1rhIIZuceDK6+xRkJQ4NMbHTwXqk4NkwDwQMNqXgG9r9fyHnzwNVs6zV5KRw==

rescript-signals@^2.1.0:
  version "2.1.0"
  resolved "https://registry.npmjs.org/rescript-signals/-/rescript-signals-2.1.0.tgz"
  integrity sha512-2zdr6lINd4TmXmjhmb2KdmlAb9/Yf5zDTCoYA9XNs6NrRqAIwhIE7T9Hd6usDqqH0bo2tJjSaaYzFDFVSNYcxQ==

rescript@^12.2.0:
  version "12.2.0"
  resolved "https://registry.npmjs.org/rescript/-/rescript-12.2.0.tgz"
  integrity sha512-1Jf2cmNhyx5Mj2vwZ4XXPcXvNSjGj9D1jPBUcoqIOqRpLPo1ch2Ta/7eWh23xAHWHK5ow7BCDyYFjvZSjyjLzg==
  dependencies:
    "@rescript/runtime" "12.2.0"
  optionalDependencies:
    "@rescript/darwin-arm64" "12.2.0"
    "@rescript/darwin-x64" "12.2.0"
    "@rescript/linux-arm64" "12.2.0"
    "@rescript/linux-x64" "12.2.0"
    "@rescript/win32-x64" "12.2.0"

rolldown@1.0.3:
  version "1.0.3"
  resolved "https://registry.npmjs.org/rolldown/-/rolldown-1.0.3.tgz"
  integrity sha512-i00lAJ2ks1BYr7rjNjKC7BcqAS7nVfiT3QX1SI5aY+AFHblCmaUf9OE9dbdzDvW6dJxbi2ZCZiy9v3CcwOiX3g==
  dependencies:
    "@oxc-project/types" "=0.133.0"
    "@rolldown/pluginutils" "^1.0.0"
  optionalDependencies:
    "@rolldown/binding-android-arm64" "1.0.3"
    "@rolldown/binding-darwin-arm64" "1.0.3"
    "@rolldown/binding-darwin-x64" "1.0.3"
    "@rolldown/binding-freebsd-x64" "1.0.3"
    "@rolldown/binding-linux-arm-gnueabihf" "1.0.3"
    "@rolldown/binding-linux-arm64-gnu" "1.0.3"
    "@rolldown/binding-linux-arm64-musl" "1.0.3"
    "@rolldown/binding-linux-ppc64-gnu" "1.0.3"
    "@rolldown/binding-linux-s390x-gnu" "1.0.3"
    "@rolldown/binding-linux-x64-gnu" "1.0.3"
    "@rolldown/binding-linux-x64-musl" "1.0.3"
    "@rolldown/binding-openharmony-arm64" "1.0.3"
    "@rolldown/binding-wasm32-wasi" "1.0.3"
    "@rolldown/binding-win32-arm64-msvc" "1.0.3"
    "@rolldown/binding-win32-x64-msvc" "1.0.3"

source-map-js@^1.2.1:
  version "1.2.1"
  resolved "https://registry.npmjs.org/source-map-js/-/source-map-js-1.2.1.tgz"
  integrity sha512-UXWMKhLOwVKb728IUtQPXxfYU+usdybtUrK/8uGE8CQMvrhOpwvzDBwj0QhSL7MQc7vIsISBG8VQ8+IDQxpfQA==

tinyglobby@^0.2.17:
  version "0.2.17"
  resolved "https://registry.npmjs.org/tinyglobby/-/tinyglobby-0.2.17.tgz"
  integrity sha512-wXR/dYpcqKmfWpEdZjiKJOwCNFndD0DMnrW/cYjVGttEkBfVgcLFHoNrlj47mjOVic9yyNu65alsgF4NQyTa2g==
  dependencies:
    fdir "^6.5.0"
    picomatch "^4.0.4"

vite@^8.0.16:
  version "8.0.16"
  resolved "https://registry.npmjs.org/vite/-/vite-8.0.16.tgz"
  integrity sha512-h9bXPmJichP5fLmVQo3PyaGSDE2n3aPuomeAlVRm0JLmt4rY6zmPKd59HYI4LNW8oTK7tlTsuC7l/m7awx9Jcw==
  dependencies:
    lightningcss "^1.32.0"
    picomatch "^4.0.4"
    postcss "^8.5.15"
    rolldown "1.0.3"
    tinyglobby "^0.2.17"
  optionalDependencies:
    fsevents "~2.3.3"

web-vitals@^5.1.0:
  version "5.2.0"
  resolved "https://registry.npmjs.org/web-vitals/-/web-vitals-5.2.0.tgz"
  integrity sha512-i2z98bEmaCqSDiHEDu+gHl/dmR4Q+TxFmG3/13KkMO+o8UxQzCqWaDRCiLgEa41nlO4VpXSI0ASa1xWmO9sBlA==

"xote@file:..":
  version "0.0.0"
  resolved "file:.."
  dependencies:
    rescript-signals "^3.1.0"
